// !$*UTF8*$!
{
	archiveVersion = 1;
	classes = {
	};
	objectVersion = 46;
	objects = {

/* Begin PBXBuildFile section */
		174979981E50DCE400B901DC /* CreateUserScreenTableViewController.swift in Sources */ = {isa = PBXBuildFile; fileRef = 174979971E50DCE400B901DC /* CreateUserScreenTableViewController.swift */; };
		1749799A1E50DD0300B901DC /* CreateUserScreenPresenter.swift in Sources */ = {isa = PBXBuildFile; fileRef = 174979991E50DD0300B901DC /* CreateUserScreenPresenter.swift */; };
		1749799C1E50DD1300B901DC /* CreateUserScreenPresenting.swift in Sources */ = {isa = PBXBuildFile; fileRef = 1749799B1E50DD1300B901DC /* CreateUserScreenPresenting.swift */; };
		1749799E1E50DD2800B901DC /* CreateUserScreenViewable.swift in Sources */ = {isa = PBXBuildFile; fileRef = 1749799D1E50DD2800B901DC /* CreateUserScreenViewable.swift */; };
		174979A01E50E69B00B901DC /* BaseTableViewController.swift in Sources */ = {isa = PBXBuildFile; fileRef = 1749799F1E50E69B00B901DC /* BaseTableViewController.swift */; };
		174979A21E50ED1D00B901DC /* BaseNavigationController.swift in Sources */ = {isa = PBXBuildFile; fileRef = 174979A11E50ED1D00B901DC /* BaseNavigationController.swift */; };
		174979A81E5102DB00B901DC /* CreateUserInteractor.swift in Sources */ = {isa = PBXBuildFile; fileRef = 174979A71E5102DB00B901DC /* CreateUserInteractor.swift */; };
		174979AA1E5102E700B901DC /* CreateUserInteracting.swift in Sources */ = {isa = PBXBuildFile; fileRef = 174979A91E5102E700B901DC /* CreateUserInteracting.swift */; };
		1751ABA01E4D33AB00E2AE75 /* AppDelegate.swift in Sources */ = {isa = PBXBuildFile; fileRef = 1751AB9F1E4D33AB00E2AE75 /* AppDelegate.swift */; };
		1751ABA21E4D33AB00E2AE75 /* SignInScreenViewController.swift in Sources */ = {isa = PBXBuildFile; fileRef = 1751ABA11E4D33AB00E2AE75 /* SignInScreenViewController.swift */; };
		1751ABA51E4D33AB00E2AE75 /* SignInScreen.storyboard in Resources */ = {isa = PBXBuildFile; fileRef = 1751ABA31E4D33AB00E2AE75 /* SignInScreen.storyboard */; };
		1751ABA71E4D33AB00E2AE75 /* Assets.xcassets in Resources */ = {isa = PBXBuildFile; fileRef = 1751ABA61E4D33AB00E2AE75 /* Assets.xcassets */; };
		1751ABAA1E4D33AB00E2AE75 /* LaunchScreen.storyboard in Resources */ = {isa = PBXBuildFile; fileRef = 1751ABA81E4D33AB00E2AE75 /* LaunchScreen.storyboard */; };
		1751ABB81E4D3D9F00E2AE75 /* LoginScreenPresenterTests.swift in Sources */ = {isa = PBXBuildFile; fileRef = 1751ABB71E4D3D9F00E2AE75 /* LoginScreenPresenterTests.swift */; };
		1751ABC61E4D3E4B00E2AE75 /* UITests.swift in Sources */ = {isa = PBXBuildFile; fileRef = 1751ABC51E4D3E4B00E2AE75 /* UITests.swift */; };
		1751ABCE1E4D469D00E2AE75 /* Environment.swift in Sources */ = {isa = PBXBuildFile; fileRef = 1751ABCD1E4D469D00E2AE75 /* Environment.swift */; };
		1751ABD01E4D512200E2AE75 /* GoogleService-Info.plist in Resources */ = {isa = PBXBuildFile; fileRef = 1751ABCF1E4D512200E2AE75 /* GoogleService-Info.plist */; };
		17BB263F1E5128740005D787 /* FirstResponderView.swift in Sources */ = {isa = PBXBuildFile; fileRef = 17BB263E1E5128740005D787 /* FirstResponderView.swift */; };
		17BB26411E516E340005D787 /* HomeScreenViewController.swift in Sources */ = {isa = PBXBuildFile; fileRef = 17BB26401E516E340005D787 /* HomeScreenViewController.swift */; };
		17BB26431E516E3C0005D787 /* HomeScreenPresenter.swift in Sources */ = {isa = PBXBuildFile; fileRef = 17BB26421E516E3C0005D787 /* HomeScreenPresenter.swift */; };
		17BB26451E516E460005D787 /* HomeScreenPresenting.swift in Sources */ = {isa = PBXBuildFile; fileRef = 17BB26441E516E460005D787 /* HomeScreenPresenting.swift */; };
		17BB26471E516E520005D787 /* HomeScreenViewable.swift in Sources */ = {isa = PBXBuildFile; fileRef = 17BB26461E516E520005D787 /* HomeScreenViewable.swift */; };
		17BB264A1E516E7F0005D787 /* MenuDelegate.swift in Sources */ = {isa = PBXBuildFile; fileRef = 17BB26491E516E7F0005D787 /* MenuDelegate.swift */; };
		17BB264C1E516E930005D787 /* MenuHelper.swift in Sources */ = {isa = PBXBuildFile; fileRef = 17BB264B1E516E930005D787 /* MenuHelper.swift */; };
		17BB264E1E516EA20005D787 /* MenuPresenter.swift in Sources */ = {isa = PBXBuildFile; fileRef = 17BB264D1E516EA20005D787 /* MenuPresenter.swift */; };
		17BB26501E516EAD0005D787 /* MenuPresenting.swift in Sources */ = {isa = PBXBuildFile; fileRef = 17BB264F1E516EAD0005D787 /* MenuPresenting.swift */; };
		17BB26521E5171A20005D787 /* MenuTableViewCell.swift in Sources */ = {isa = PBXBuildFile; fileRef = 17BB26511E5171A20005D787 /* MenuTableViewCell.swift */; };
		17BB26541E5171BD0005D787 /* MenuViewController.swift in Sources */ = {isa = PBXBuildFile; fileRef = 17BB26531E5171BD0005D787 /* MenuViewController.swift */; };
		17BB26561E5172020005D787 /* SlideMenuInteractiveTransition.swift in Sources */ = {isa = PBXBuildFile; fileRef = 17BB26551E5172020005D787 /* SlideMenuInteractiveTransition.swift */; };
		17BB26581E51723E0005D787 /* DismissMenuAnimator.swift in Sources */ = {isa = PBXBuildFile; fileRef = 17BB26571E51723E0005D787 /* DismissMenuAnimator.swift */; };
		17BB265A1E5175FE0005D787 /* MoreInformationButtonType.swift in Sources */ = {isa = PBXBuildFile; fileRef = 17BB26591E5175FE0005D787 /* MoreInformationButtonType.swift */; };
		17BB265C1E51769A0005D787 /* AuthInteractor.swift in Sources */ = {isa = PBXBuildFile; fileRef = 17BB265B1E51769A0005D787 /* AuthInteractor.swift */; };
		17BB265E1E5176A30005D787 /* AuthInteracting.swift in Sources */ = {isa = PBXBuildFile; fileRef = 17BB265D1E5176A30005D787 /* AuthInteracting.swift */; };
		17BB26601E51795A0005D787 /* MenuViewable.swift in Sources */ = {isa = PBXBuildFile; fileRef = 17BB265F1E51795A0005D787 /* MenuViewable.swift */; };
		17BB26621E517A5F0005D787 /* MenuViewController.storyboard in Resources */ = {isa = PBXBuildFile; fileRef = 17BB26611E517A5F0005D787 /* MenuViewController.storyboard */; };
		17CFD0411E4F5EB40007ADEC /* Images.xcassets in Resources */ = {isa = PBXBuildFile; fileRef = 17CFD0401E4F5EB40007ADEC /* Images.xcassets */; };
		17CFD04A1E4F6F900007ADEC /* SignInScreenPresenter.swift in Sources */ = {isa = PBXBuildFile; fileRef = 17CFD0491E4F6F900007ADEC /* SignInScreenPresenter.swift */; };
		17CFD04C1E4F6F990007ADEC /* SignInScreenPresenting.swift in Sources */ = {isa = PBXBuildFile; fileRef = 17CFD04B1E4F6F990007ADEC /* SignInScreenPresenting.swift */; };
		17CFD04E1E4F6FA10007ADEC /* SignInScreenViewable.swift in Sources */ = {isa = PBXBuildFile; fileRef = 17CFD04D1E4F6FA10007ADEC /* SignInScreenViewable.swift */; };
		17CFD0501E4F73110007ADEC /* HomeScreen.storyboard in Resources */ = {isa = PBXBuildFile; fileRef = 17CFD04F1E4F73110007ADEC /* HomeScreen.storyboard */; };
		17CFD0531E4F76D40007ADEC /* Injector.swift in Sources */ = {isa = PBXBuildFile; fileRef = 17CFD0521E4F76D40007ADEC /* Injector.swift */; };
		17CFD0551E4F7B4D0007ADEC /* FirebaseInteractor.swift in Sources */ = {isa = PBXBuildFile; fileRef = 17CFD0541E4F7B4D0007ADEC /* FirebaseInteractor.swift */; };
		17CFD05B1E4F7B9F0007ADEC /* FirebaseInteracting.swift in Sources */ = {isa = PBXBuildFile; fileRef = 17CFD05A1E4F7B9F0007ADEC /* FirebaseInteracting.swift */; };
		17CFD05E1E4F7C630007ADEC /* AlertViewable.swift in Sources */ = {isa = PBXBuildFile; fileRef = 17CFD05D1E4F7C630007ADEC /* AlertViewable.swift */; };
		17CFD0601E4F7CE40007ADEC /* AlertView.swift in Sources */ = {isa = PBXBuildFile; fileRef = 17CFD05F1E4F7CE40007ADEC /* AlertView.swift */; };
		17CFD0641E4F86270007ADEC /* FirebaseAuth.swift in Sources */ = {isa = PBXBuildFile; fileRef = 17CFD0631E4F86270007ADEC /* FirebaseAuth.swift */; };
		17CFD0661E5015ED0007ADEC /* CridentialsValidationInteracting.swift in Sources */ = {isa = PBXBuildFile; fileRef = 17CFD0651E5015ED0007ADEC /* CridentialsValidationInteracting.swift */; };
		17CFD0681E5015F90007ADEC /* CridentialsValidationInteractor.swift in Sources */ = {isa = PBXBuildFile; fileRef = 17CFD0671E5015F90007ADEC /* CridentialsValidationInteractor.swift */; };
		17CFD06A1E50215C0007ADEC /* SignInInteractor.swift in Sources */ = {isa = PBXBuildFile; fileRef = 17CFD0691E50215C0007ADEC /* SignInInteractor.swift */; };
		17CFD06C1E50216D0007ADEC /* SignInInteracting.swift in Sources */ = {isa = PBXBuildFile; fileRef = 17CFD06B1E50216D0007ADEC /* SignInInteracting.swift */; };
		17CFD0701E50BA0F0007ADEC /* BaseViewController.swift in Sources */ = {isa = PBXBuildFile; fileRef = 17CFD06F1E50BA0F0007ADEC /* BaseViewController.swift */; };
		17CFD0751E50C2E60007ADEC /* BaseInjector.swift in Sources */ = {isa = PBXBuildFile; fileRef = 17CFD0741E50C2E60007ADEC /* BaseInjector.swift */; };
		4422B78241332CF59F02F260 /* Pods_UITests.framework in Frameworks */ = {isa = PBXBuildFile; fileRef = E0133C79DCC2C3C378BE1E0D /* Pods_UITests.framework */; };
		ADC314E2882B7CC9D3DCE577 /* Pods_UnitTests.framework in Frameworks */ = {isa = PBXBuildFile; fileRef = 2E3CAFD65E74FF57B2B4E1D2 /* Pods_UnitTests.framework */; };
		C69CFE130D13F6C8A5FC2ADA /* Pods_TTPChallenge.framework in Frameworks */ = {isa = PBXBuildFile; fileRef = 22E9E845749509C721CA9BA3 /* Pods_TTPChallenge.framework */; };
/* End PBXBuildFile section */

/* Begin PBXContainerItemProxy section */
		1751ABBA1E4D3D9F00E2AE75 /* PBXContainerItemProxy */ = {
			isa = PBXContainerItemProxy;
			containerPortal = 1751AB941E4D33AB00E2AE75 /* Project object */;
			proxyType = 1;
			remoteGlobalIDString = 1751AB9B1E4D33AB00E2AE75;
			remoteInfo = TTPChallenge;
		};
		1751ABC81E4D3E4B00E2AE75 /* PBXContainerItemProxy */ = {
			isa = PBXContainerItemProxy;
			containerPortal = 1751AB941E4D33AB00E2AE75 /* Project object */;
			proxyType = 1;
			remoteGlobalIDString = 1751AB9B1E4D33AB00E2AE75;
			remoteInfo = TTPChallenge;
		};
/* End PBXContainerItemProxy section */

/* Begin PBXFileReference section */
		00B7C55616ACC4B1CE50045B /* Pods-UnitTests.debug.xcconfig */ = {isa = PBXFileReference; includeInIndex = 1; lastKnownFileType = text.xcconfig; name = "Pods-UnitTests.debug.xcconfig"; path = "Pods/Target Support Files/Pods-UnitTests/Pods-UnitTests.debug.xcconfig"; sourceTree = "<group>"; };
		174979971E50DCE400B901DC /* CreateUserScreenTableViewController.swift */ = {isa = PBXFileReference; fileEncoding = 4; lastKnownFileType = sourcecode.swift; path = CreateUserScreenTableViewController.swift; sourceTree = "<group>"; };
		174979991E50DD0300B901DC /* CreateUserScreenPresenter.swift */ = {isa = PBXFileReference; fileEncoding = 4; lastKnownFileType = sourcecode.swift; path = CreateUserScreenPresenter.swift; sourceTree = "<group>"; };
		1749799B1E50DD1300B901DC /* CreateUserScreenPresenting.swift */ = {isa = PBXFileReference; fileEncoding = 4; lastKnownFileType = sourcecode.swift; path = CreateUserScreenPresenting.swift; sourceTree = "<group>"; };
		1749799D1E50DD2800B901DC /* CreateUserScreenViewable.swift */ = {isa = PBXFileReference; fileEncoding = 4; lastKnownFileType = sourcecode.swift; path = CreateUserScreenViewable.swift; sourceTree = "<group>"; };
		1749799F1E50E69B00B901DC /* BaseTableViewController.swift */ = {isa = PBXFileReference; fileEncoding = 4; lastKnownFileType = sourcecode.swift; path = BaseTableViewController.swift; sourceTree = "<group>"; };
		174979A11E50ED1D00B901DC /* BaseNavigationController.swift */ = {isa = PBXFileReference; fileEncoding = 4; lastKnownFileType = sourcecode.swift; path = BaseNavigationController.swift; sourceTree = "<group>"; };
		174979A71E5102DB00B901DC /* CreateUserInteractor.swift */ = {isa = PBXFileReference; fileEncoding = 4; lastKnownFileType = sourcecode.swift; path = CreateUserInteractor.swift; sourceTree = "<group>"; };
		174979A91E5102E700B901DC /* CreateUserInteracting.swift */ = {isa = PBXFileReference; fileEncoding = 4; lastKnownFileType = sourcecode.swift; path = CreateUserInteracting.swift; sourceTree = "<group>"; };
		1751AB9C1E4D33AB00E2AE75 /* TTPChallenge.app */ = {isa = PBXFileReference; explicitFileType = wrapper.application; includeInIndex = 0; path = TTPChallenge.app; sourceTree = BUILT_PRODUCTS_DIR; };
		1751AB9F1E4D33AB00E2AE75 /* AppDelegate.swift */ = {isa = PBXFileReference; lastKnownFileType = sourcecode.swift; name = AppDelegate.swift; path = TTPChallenge/AppDelegate.swift; sourceTree = "<group>"; };
		1751ABA11E4D33AB00E2AE75 /* SignInScreenViewController.swift */ = {isa = PBXFileReference; lastKnownFileType = sourcecode.swift; path = SignInScreenViewController.swift; sourceTree = "<group>"; };
		1751ABA41E4D33AB00E2AE75 /* Base */ = {isa = PBXFileReference; lastKnownFileType = file.storyboard; name = Base; path = Base.lproj/SignInScreen.storyboard; sourceTree = "<group>"; };
		1751ABA61E4D33AB00E2AE75 /* Assets.xcassets */ = {isa = PBXFileReference; lastKnownFileType = folder.assetcatalog; path = Assets.xcassets; sourceTree = "<group>"; };
		1751ABA91E4D33AB00E2AE75 /* Base */ = {isa = PBXFileReference; lastKnownFileType = file.storyboard; name = Base; path = Base.lproj/LaunchScreen.storyboard; sourceTree = "<group>"; };
		1751ABAB1E4D33AB00E2AE75 /* Info.plist */ = {isa = PBXFileReference; lastKnownFileType = text.plist.xml; path = Info.plist; sourceTree = "<group>"; };
		1751ABB51E4D3D9F00E2AE75 /* UnitTests.xctest */ = {isa = PBXFileReference; explicitFileType = wrapper.cfbundle; includeInIndex = 0; path = UnitTests.xctest; sourceTree = BUILT_PRODUCTS_DIR; };
		1751ABB71E4D3D9F00E2AE75 /* LoginScreenPresenterTests.swift */ = {isa = PBXFileReference; lastKnownFileType = sourcecode.swift; path = LoginScreenPresenterTests.swift; sourceTree = "<group>"; };
		1751ABB91E4D3D9F00E2AE75 /* Info.plist */ = {isa = PBXFileReference; lastKnownFileType = text.plist.xml; path = Info.plist; sourceTree = "<group>"; };
		1751ABC31E4D3E4B00E2AE75 /* UITests.xctest */ = {isa = PBXFileReference; explicitFileType = wrapper.cfbundle; includeInIndex = 0; path = UITests.xctest; sourceTree = BUILT_PRODUCTS_DIR; };
		1751ABC51E4D3E4B00E2AE75 /* UITests.swift */ = {isa = PBXFileReference; lastKnownFileType = sourcecode.swift; path = UITests.swift; sourceTree = "<group>"; };
		1751ABC71E4D3E4B00E2AE75 /* Info.plist */ = {isa = PBXFileReference; lastKnownFileType = text.plist.xml; path = Info.plist; sourceTree = "<group>"; };
		1751ABCD1E4D469D00E2AE75 /* Environment.swift */ = {isa = PBXFileReference; fileEncoding = 4; lastKnownFileType = sourcecode.swift; path = Environment.swift; sourceTree = "<group>"; };
		1751ABCF1E4D512200E2AE75 /* GoogleService-Info.plist */ = {isa = PBXFileReference; fileEncoding = 4; lastKnownFileType = text.plist.xml; path = "GoogleService-Info.plist"; sourceTree = "<group>"; };
		17BB263E1E5128740005D787 /* FirstResponderView.swift */ = {isa = PBXFileReference; fileEncoding = 4; lastKnownFileType = sourcecode.swift; path = FirstResponderView.swift; sourceTree = "<group>"; };
		17BB26401E516E340005D787 /* HomeScreenViewController.swift */ = {isa = PBXFileReference; fileEncoding = 4; lastKnownFileType = sourcecode.swift; path = HomeScreenViewController.swift; sourceTree = "<group>"; };
		17BB26421E516E3C0005D787 /* HomeScreenPresenter.swift */ = {isa = PBXFileReference; fileEncoding = 4; lastKnownFileType = sourcecode.swift; path = HomeScreenPresenter.swift; sourceTree = "<group>"; };
		17BB26441E516E460005D787 /* HomeScreenPresenting.swift */ = {isa = PBXFileReference; fileEncoding = 4; lastKnownFileType = sourcecode.swift; path = HomeScreenPresenting.swift; sourceTree = "<group>"; };
		17BB26461E516E520005D787 /* HomeScreenViewable.swift */ = {isa = PBXFileReference; fileEncoding = 4; lastKnownFileType = sourcecode.swift; path = HomeScreenViewable.swift; sourceTree = "<group>"; };
		17BB26491E516E7F0005D787 /* MenuDelegate.swift */ = {isa = PBXFileReference; fileEncoding = 4; lastKnownFileType = sourcecode.swift; path = MenuDelegate.swift; sourceTree = "<group>"; };
		17BB264B1E516E930005D787 /* MenuHelper.swift */ = {isa = PBXFileReference; fileEncoding = 4; lastKnownFileType = sourcecode.swift; path = MenuHelper.swift; sourceTree = "<group>"; };
		17BB264D1E516EA20005D787 /* MenuPresenter.swift */ = {isa = PBXFileReference; fileEncoding = 4; lastKnownFileType = sourcecode.swift; path = MenuPresenter.swift; sourceTree = "<group>"; };
		17BB264F1E516EAD0005D787 /* MenuPresenting.swift */ = {isa = PBXFileReference; fileEncoding = 4; lastKnownFileType = sourcecode.swift; path = MenuPresenting.swift; sourceTree = "<group>"; };
		17BB26511E5171A20005D787 /* MenuTableViewCell.swift */ = {isa = PBXFileReference; fileEncoding = 4; lastKnownFileType = sourcecode.swift; path = MenuTableViewCell.swift; sourceTree = "<group>"; };
		17BB26531E5171BD0005D787 /* MenuViewController.swift */ = {isa = PBXFileReference; fileEncoding = 4; lastKnownFileType = sourcecode.swift; path = MenuViewController.swift; sourceTree = "<group>"; };
		17BB26551E5172020005D787 /* SlideMenuInteractiveTransition.swift */ = {isa = PBXFileReference; fileEncoding = 4; lastKnownFileType = sourcecode.swift; path = SlideMenuInteractiveTransition.swift; sourceTree = "<group>"; };
		17BB26571E51723E0005D787 /* DismissMenuAnimator.swift */ = {isa = PBXFileReference; fileEncoding = 4; lastKnownFileType = sourcecode.swift; path = DismissMenuAnimator.swift; sourceTree = "<group>"; };
		17BB26591E5175FE0005D787 /* MoreInformationButtonType.swift */ = {isa = PBXFileReference; fileEncoding = 4; lastKnownFileType = sourcecode.swift; path = MoreInformationButtonType.swift; sourceTree = "<group>"; };
		17BB265B1E51769A0005D787 /* AuthInteractor.swift */ = {isa = PBXFileReference; fileEncoding = 4; lastKnownFileType = sourcecode.swift; path = AuthInteractor.swift; sourceTree = "<group>"; };
		17BB265D1E5176A30005D787 /* AuthInteracting.swift */ = {isa = PBXFileReference; fileEncoding = 4; lastKnownFileType = sourcecode.swift; path = AuthInteracting.swift; sourceTree = "<group>"; };
		17BB265F1E51795A0005D787 /* MenuViewable.swift */ = {isa = PBXFileReference; fileEncoding = 4; lastKnownFileType = sourcecode.swift; path = MenuViewable.swift; sourceTree = "<group>"; };
		17BB26611E517A5F0005D787 /* MenuViewController.storyboard */ = {isa = PBXFileReference; fileEncoding = 4; lastKnownFileType = file.storyboard; path = MenuViewController.storyboard; sourceTree = "<group>"; };
		17CFD0401E4F5EB40007ADEC /* Images.xcassets */ = {isa = PBXFileReference; lastKnownFileType = folder.assetcatalog; path = Images.xcassets; sourceTree = "<group>"; };
		17CFD0481E4F69FF0007ADEC /* TTPChallenge-Bridging-Header.h */ = {isa = PBXFileReference; fileEncoding = 4; lastKnownFileType = sourcecode.c.h; path = "TTPChallenge-Bridging-Header.h"; sourceTree = "<group>"; };
		17CFD0491E4F6F900007ADEC /* SignInScreenPresenter.swift */ = {isa = PBXFileReference; fileEncoding = 4; lastKnownFileType = sourcecode.swift; path = SignInScreenPresenter.swift; sourceTree = "<group>"; };
		17CFD04B1E4F6F990007ADEC /* SignInScreenPresenting.swift */ = {isa = PBXFileReference; fileEncoding = 4; lastKnownFileType = sourcecode.swift; path = SignInScreenPresenting.swift; sourceTree = "<group>"; };
		17CFD04D1E4F6FA10007ADEC /* SignInScreenViewable.swift */ = {isa = PBXFileReference; fileEncoding = 4; lastKnownFileType = sourcecode.swift; path = SignInScreenViewable.swift; sourceTree = "<group>"; };
		17CFD04F1E4F73110007ADEC /* HomeScreen.storyboard */ = {isa = PBXFileReference; fileEncoding = 4; lastKnownFileType = file.storyboard; name = HomeScreen.storyboard; path = ../HomeScreen.storyboard; sourceTree = "<group>"; };
		17CFD0521E4F76D40007ADEC /* Injector.swift */ = {isa = PBXFileReference; fileEncoding = 4; lastKnownFileType = sourcecode.swift; path = Injector.swift; sourceTree = "<group>"; };
		17CFD0541E4F7B4D0007ADEC /* FirebaseInteractor.swift */ = {isa = PBXFileReference; fileEncoding = 4; lastKnownFileType = sourcecode.swift; path = FirebaseInteractor.swift; sourceTree = "<group>"; };
		17CFD05A1E4F7B9F0007ADEC /* FirebaseInteracting.swift */ = {isa = PBXFileReference; fileEncoding = 4; lastKnownFileType = sourcecode.swift; path = FirebaseInteracting.swift; sourceTree = "<group>"; };
		17CFD05D1E4F7C630007ADEC /* AlertViewable.swift */ = {isa = PBXFileReference; fileEncoding = 4; lastKnownFileType = sourcecode.swift; path = AlertViewable.swift; sourceTree = "<group>"; };
		17CFD05F1E4F7CE40007ADEC /* AlertView.swift */ = {isa = PBXFileReference; fileEncoding = 4; lastKnownFileType = sourcecode.swift; path = AlertView.swift; sourceTree = "<group>"; };
		17CFD0631E4F86270007ADEC /* FirebaseAuth.swift */ = {isa = PBXFileReference; fileEncoding = 4; lastKnownFileType = sourcecode.swift; path = FirebaseAuth.swift; sourceTree = "<group>"; };
		17CFD0651E5015ED0007ADEC /* CridentialsValidationInteracting.swift */ = {isa = PBXFileReference; fileEncoding = 4; lastKnownFileType = sourcecode.swift; path = CridentialsValidationInteracting.swift; sourceTree = "<group>"; };
		17CFD0671E5015F90007ADEC /* CridentialsValidationInteractor.swift */ = {isa = PBXFileReference; fileEncoding = 4; lastKnownFileType = sourcecode.swift; path = CridentialsValidationInteractor.swift; sourceTree = "<group>"; };
		17CFD0691E50215C0007ADEC /* SignInInteractor.swift */ = {isa = PBXFileReference; fileEncoding = 4; lastKnownFileType = sourcecode.swift; path = SignInInteractor.swift; sourceTree = "<group>"; };
		17CFD06B1E50216D0007ADEC /* SignInInteracting.swift */ = {isa = PBXFileReference; fileEncoding = 4; lastKnownFileType = sourcecode.swift; path = SignInInteracting.swift; sourceTree = "<group>"; };
		17CFD06F1E50BA0F0007ADEC /* BaseViewController.swift */ = {isa = PBXFileReference; fileEncoding = 4; lastKnownFileType = sourcecode.swift; path = BaseViewController.swift; sourceTree = "<group>"; };
		17CFD0741E50C2E60007ADEC /* BaseInjector.swift */ = {isa = PBXFileReference; fileEncoding = 4; lastKnownFileType = sourcecode.swift; path = BaseInjector.swift; sourceTree = "<group>"; };
		22E9E845749509C721CA9BA3 /* Pods_TTPChallenge.framework */ = {isa = PBXFileReference; explicitFileType = wrapper.framework; includeInIndex = 0; path = Pods_TTPChallenge.framework; sourceTree = BUILT_PRODUCTS_DIR; };
		2E3CAFD65E74FF57B2B4E1D2 /* Pods_UnitTests.framework */ = {isa = PBXFileReference; explicitFileType = wrapper.framework; includeInIndex = 0; path = Pods_UnitTests.framework; sourceTree = BUILT_PRODUCTS_DIR; };
		31D809B8C9CFEADB0D6C0EC8 /* Pods-UnitTests.release.xcconfig */ = {isa = PBXFileReference; includeInIndex = 1; lastKnownFileType = text.xcconfig; name = "Pods-UnitTests.release.xcconfig"; path = "Pods/Target Support Files/Pods-UnitTests/Pods-UnitTests.release.xcconfig"; sourceTree = "<group>"; };
		3A1B182A2191A30E3EA7F217 /* Pods-UITests.release.xcconfig */ = {isa = PBXFileReference; includeInIndex = 1; lastKnownFileType = text.xcconfig; name = "Pods-UITests.release.xcconfig"; path = "Pods/Target Support Files/Pods-UITests/Pods-UITests.release.xcconfig"; sourceTree = "<group>"; };
		AACF7CC6C0A12E53D1CD653B /* Pods-UITests.debug.xcconfig */ = {isa = PBXFileReference; includeInIndex = 1; lastKnownFileType = text.xcconfig; name = "Pods-UITests.debug.xcconfig"; path = "Pods/Target Support Files/Pods-UITests/Pods-UITests.debug.xcconfig"; sourceTree = "<group>"; };
		BBE3DA305B2BD4B2954AA8B8 /* Pods-TTPChallenge.debug.xcconfig */ = {isa = PBXFileReference; includeInIndex = 1; lastKnownFileType = text.xcconfig; name = "Pods-TTPChallenge.debug.xcconfig"; path = "Pods/Target Support Files/Pods-TTPChallenge/Pods-TTPChallenge.debug.xcconfig"; sourceTree = "<group>"; };
		D793E59F206E6A5C6A728C9E /* Pods-TTPChallenge.release.xcconfig */ = {isa = PBXFileReference; includeInIndex = 1; lastKnownFileType = text.xcconfig; name = "Pods-TTPChallenge.release.xcconfig"; path = "Pods/Target Support Files/Pods-TTPChallenge/Pods-TTPChallenge.release.xcconfig"; sourceTree = "<group>"; };
		E0133C79DCC2C3C378BE1E0D /* Pods_UITests.framework */ = {isa = PBXFileReference; explicitFileType = wrapper.framework; includeInIndex = 0; path = Pods_UITests.framework; sourceTree = BUILT_PRODUCTS_DIR; };
/* End PBXFileReference section */

/* Begin PBXFrameworksBuildPhase section */
		1751AB991E4D33AB00E2AE75 /* Frameworks */ = {
			isa = PBXFrameworksBuildPhase;
			buildActionMask = 2147483647;
			files = (
				C69CFE130D13F6C8A5FC2ADA /* Pods_TTPChallenge.framework in Frameworks */,
			);
			runOnlyForDeploymentPostprocessing = 0;
		};
		1751ABB21E4D3D9F00E2AE75 /* Frameworks */ = {
			isa = PBXFrameworksBuildPhase;
			buildActionMask = 2147483647;
			files = (
				ADC314E2882B7CC9D3DCE577 /* Pods_UnitTests.framework in Frameworks */,
			);
			runOnlyForDeploymentPostprocessing = 0;
		};
		1751ABC01E4D3E4B00E2AE75 /* Frameworks */ = {
			isa = PBXFrameworksBuildPhase;
			buildActionMask = 2147483647;
			files = (
				4422B78241332CF59F02F260 /* Pods_UITests.framework in Frameworks */,
			);
			runOnlyForDeploymentPostprocessing = 0;
		};
/* End PBXFrameworksBuildPhase section */

/* Begin PBXGroup section */
		1751AB931E4D33AB00E2AE75 = {
			isa = PBXGroup;
			children = (
				17CFD0591E4F7B880007ADEC /* Helpers */,
				1751AB9E1E4D33AB00E2AE75 /* TTPChallenge */,
				1751ABB61E4D3D9F00E2AE75 /* UnitTests */,
				1751ABC41E4D3E4B00E2AE75 /* UITests */,
				1751AB9D1E4D33AB00E2AE75 /* Products */,
				E0BF1E4FFE6665193D9F5528 /* Pods */,
				35DA16894A511A83DAFAB07E /* Frameworks */,
			);
			sourceTree = "<group>";
		};
		1751AB9D1E4D33AB00E2AE75 /* Products */ = {
			isa = PBXGroup;
			children = (
				1751AB9C1E4D33AB00E2AE75 /* TTPChallenge.app */,
				1751ABB51E4D3D9F00E2AE75 /* UnitTests.xctest */,
				1751ABC31E4D3E4B00E2AE75 /* UITests.xctest */,
			);
			name = Products;
			sourceTree = "<group>";
		};
		1751AB9E1E4D33AB00E2AE75 /* TTPChallenge */ = {
			isa = PBXGroup;
			children = (
				17CFD0711E50BA3C0007ADEC /* UI Helpers */,
				17CFD0611E4F85C90007ADEC /* Firebase Extensions */,
				17CFD0581E4F7B770007ADEC /* Interactors */,
				1751ABD11E4D513600E2AE75 /* Screens */,
				1751ABD21E4D514500E2AE75 /* Environment */,
				1751ABA31E4D33AB00E2AE75 /* SignInScreen.storyboard */,
				17BB26611E517A5F0005D787 /* MenuViewController.storyboard */,
				17CFD04F1E4F73110007ADEC /* HomeScreen.storyboard */,
				1751ABA81E4D33AB00E2AE75 /* LaunchScreen.storyboard */,
				1751ABAB1E4D33AB00E2AE75 /* Info.plist */,
				1751ABA61E4D33AB00E2AE75 /* Assets.xcassets */,
				1751ABCF1E4D512200E2AE75 /* GoogleService-Info.plist */,
				17CFD0401E4F5EB40007ADEC /* Images.xcassets */,
			);
			path = TTPChallenge;
			sourceTree = "<group>";
		};
		1751ABB61E4D3D9F00E2AE75 /* UnitTests */ = {
			isa = PBXGroup;
			children = (
				1751ABB71E4D3D9F00E2AE75 /* LoginScreenPresenterTests.swift */,
				1751ABB91E4D3D9F00E2AE75 /* Info.plist */,
			);
			path = UnitTests;
			sourceTree = "<group>";
		};
		1751ABC41E4D3E4B00E2AE75 /* UITests */ = {
			isa = PBXGroup;
			children = (
				1751ABC51E4D3E4B00E2AE75 /* UITests.swift */,
				1751ABC71E4D3E4B00E2AE75 /* Info.plist */,
			);
			path = UITests;
			sourceTree = "<group>";
		};
		1751ABD11E4D513600E2AE75 /* Screens */ = {
			isa = PBXGroup;
			children = (
				17CFD0511E4F73C80007ADEC /* Home Screen */,
				17CFD06E1E502C570007ADEC /* Create User Screen */,
				17CFD03D1E4F58040007ADEC /* SignIn Screen */,
			);
			name = Screens;
			sourceTree = "<group>";
		};
		1751ABD21E4D514500E2AE75 /* Environment */ = {
			isa = PBXGroup;
			children = (
				1751ABCD1E4D469D00E2AE75 /* Environment.swift */,
				17CFD0521E4F76D40007ADEC /* Injector.swift */,
				17CFD0741E50C2E60007ADEC /* BaseInjector.swift */,
			);
			name = Environment;
			sourceTree = "<group>";
		};
		17BB26481E516E6B0005D787 /* Menu */ = {
			isa = PBXGroup;
			children = (
				17BB26491E516E7F0005D787 /* MenuDelegate.swift */,
				17BB264B1E516E930005D787 /* MenuHelper.swift */,
				17BB264D1E516EA20005D787 /* MenuPresenter.swift */,
				17BB264F1E516EAD0005D787 /* MenuPresenting.swift */,
				17BB26531E5171BD0005D787 /* MenuViewController.swift */,
				17BB265F1E51795A0005D787 /* MenuViewable.swift */,
			);
			name = Menu;
			sourceTree = "<group>";
		};
		17CFD03D1E4F58040007ADEC /* SignIn Screen */ = {
			isa = PBXGroup;
			children = (
				1751ABA11E4D33AB00E2AE75 /* SignInScreenViewController.swift */,
				17CFD0491E4F6F900007ADEC /* SignInScreenPresenter.swift */,
				17CFD04B1E4F6F990007ADEC /* SignInScreenPresenting.swift */,
				17CFD04D1E4F6FA10007ADEC /* SignInScreenViewable.swift */,
			);
			name = "SignIn Screen";
			sourceTree = "<group>";
		};
		17CFD0511E4F73C80007ADEC /* Home Screen */ = {
			isa = PBXGroup;
			children = (
				17BB26481E516E6B0005D787 /* Menu */,
				17BB26401E516E340005D787 /* HomeScreenViewController.swift */,
				17BB26421E516E3C0005D787 /* HomeScreenPresenter.swift */,
				17BB26441E516E460005D787 /* HomeScreenPresenting.swift */,
				17BB26461E516E520005D787 /* HomeScreenViewable.swift */,
			);
			name = "Home Screen";
			sourceTree = "<group>";
		};
		17CFD0581E4F7B770007ADEC /* Interactors */ = {
			isa = PBXGroup;
			children = (
				17CFD06D1E5023EB0007ADEC /* Protocol */,
				17CFD05F1E4F7CE40007ADEC /* AlertView.swift */,
				17BB265B1E51769A0005D787 /* AuthInteractor.swift */,
				17CFD0671E5015F90007ADEC /* CridentialsValidationInteractor.swift */,
				174979A71E5102DB00B901DC /* CreateUserInteractor.swift */,
				17CFD0541E4F7B4D0007ADEC /* FirebaseInteractor.swift */,
				17CFD0691E50215C0007ADEC /* SignInInteractor.swift */,
			);
			name = Interactors;
			sourceTree = "<group>";
		};
		17CFD0591E4F7B880007ADEC /* Helpers */ = {
			isa = PBXGroup;
			children = (
				1751AB9F1E4D33AB00E2AE75 /* AppDelegate.swift */,
				17CFD0481E4F69FF0007ADEC /* TTPChallenge-Bridging-Header.h */,
			);
			name = Helpers;
			sourceTree = "<group>";
		};
		17CFD0611E4F85C90007ADEC /* Firebase Extensions */ = {
			isa = PBXGroup;
			children = (
				17CFD0631E4F86270007ADEC /* FirebaseAuth.swift */,
			);
			name = "Firebase Extensions";
			sourceTree = "<group>";
		};
		17CFD06D1E5023EB0007ADEC /* Protocol */ = {
			isa = PBXGroup;
			children = (
				17CFD05D1E4F7C630007ADEC /* AlertViewable.swift */,
				17BB265D1E5176A30005D787 /* AuthInteracting.swift */,
				174979A91E5102E700B901DC /* CreateUserInteracting.swift */,
				17CFD0651E5015ED0007ADEC /* CridentialsValidationInteracting.swift */,
				17CFD05A1E4F7B9F0007ADEC /* FirebaseInteracting.swift */,
				17CFD06B1E50216D0007ADEC /* SignInInteracting.swift */,
			);
			name = Protocol;
			sourceTree = "<group>";
		};
		17CFD06E1E502C570007ADEC /* Create User Screen */ = {
			isa = PBXGroup;
			children = (
				174979971E50DCE400B901DC /* CreateUserScreenTableViewController.swift */,
				174979991E50DD0300B901DC /* CreateUserScreenPresenter.swift */,
				1749799B1E50DD1300B901DC /* CreateUserScreenPresenting.swift */,
				1749799D1E50DD2800B901DC /* CreateUserScreenViewable.swift */,
			);
			name = "Create User Screen";
			sourceTree = "<group>";
		};
		17CFD0711E50BA3C0007ADEC /* UI Helpers */ = {
			isa = PBXGroup;
			children = (
				17CFD06F1E50BA0F0007ADEC /* BaseViewController.swift */,
				1749799F1E50E69B00B901DC /* BaseTableViewController.swift */,
				174979A11E50ED1D00B901DC /* BaseNavigationController.swift */,
				17BB263E1E5128740005D787 /* FirstResponderView.swift */,
				17BB26511E5171A20005D787 /* MenuTableViewCell.swift */,
				17BB26551E5172020005D787 /* SlideMenuInteractiveTransition.swift */,
				17BB26571E51723E0005D787 /* DismissMenuAnimator.swift */,
				17BB26591E5175FE0005D787 /* MoreInformationButtonType.swift */,
			);
			name = "UI Helpers";
			sourceTree = "<group>";
		};
		35DA16894A511A83DAFAB07E /* Frameworks */ = {
			isa = PBXGroup;
			children = (
				22E9E845749509C721CA9BA3 /* Pods_TTPChallenge.framework */,
				E0133C79DCC2C3C378BE1E0D /* Pods_UITests.framework */,
				2E3CAFD65E74FF57B2B4E1D2 /* Pods_UnitTests.framework */,
			);
			name = Frameworks;
			sourceTree = "<group>";
		};
		E0BF1E4FFE6665193D9F5528 /* Pods */ = {
			isa = PBXGroup;
			children = (
				BBE3DA305B2BD4B2954AA8B8 /* Pods-TTPChallenge.debug.xcconfig */,
				D793E59F206E6A5C6A728C9E /* Pods-TTPChallenge.release.xcconfig */,
				AACF7CC6C0A12E53D1CD653B /* Pods-UITests.debug.xcconfig */,
				3A1B182A2191A30E3EA7F217 /* Pods-UITests.release.xcconfig */,
				00B7C55616ACC4B1CE50045B /* Pods-UnitTests.debug.xcconfig */,
				31D809B8C9CFEADB0D6C0EC8 /* Pods-UnitTests.release.xcconfig */,
			);
			name = Pods;
			sourceTree = "<group>";
		};
/* End PBXGroup section */

/* Begin PBXNativeTarget section */
		1751AB9B1E4D33AB00E2AE75 /* TTPChallenge */ = {
			isa = PBXNativeTarget;
			buildConfigurationList = 1751ABAE1E4D33AB00E2AE75 /* Build configuration list for PBXNativeTarget "TTPChallenge" */;
			buildPhases = (
				679720D6A6B52C6B5FB9778E /* [CP] Check Pods Manifest.lock */,
				1751AB981E4D33AB00E2AE75 /* Sources */,
				1751AB991E4D33AB00E2AE75 /* Frameworks */,
				1751AB9A1E4D33AB00E2AE75 /* Resources */,
				0047C2422EE5DBF99B9E29F9 /* [CP] Embed Pods Frameworks */,
				57AF0F4909FB7500F5C26BC9 /* [CP] Copy Pods Resources */,
			);
			buildRules = (
			);
			dependencies = (
			);
			name = TTPChallenge;
			productName = TTPChallenge;
			productReference = 1751AB9C1E4D33AB00E2AE75 /* TTPChallenge.app */;
			productType = "com.apple.product-type.application";
		};
		1751ABB41E4D3D9F00E2AE75 /* UnitTests */ = {
			isa = PBXNativeTarget;
			buildConfigurationList = 1751ABBE1E4D3D9F00E2AE75 /* Build configuration list for PBXNativeTarget "UnitTests" */;
			buildPhases = (
				A2D29E7EA5567703D41FA9EB /* [CP] Check Pods Manifest.lock */,
				1751ABB11E4D3D9F00E2AE75 /* Sources */,
				1751ABB21E4D3D9F00E2AE75 /* Frameworks */,
				1751ABB31E4D3D9F00E2AE75 /* Resources */,
				E18BDCC50378A4EF0CAD1D3E /* [CP] Embed Pods Frameworks */,
				442CCDE8B76C4ABBCBFC26B1 /* [CP] Copy Pods Resources */,
			);
			buildRules = (
			);
			dependencies = (
				1751ABBB1E4D3D9F00E2AE75 /* PBXTargetDependency */,
			);
			name = UnitTests;
			productName = UnitTests;
			productReference = 1751ABB51E4D3D9F00E2AE75 /* UnitTests.xctest */;
			productType = "com.apple.product-type.bundle.unit-test";
		};
		1751ABC21E4D3E4B00E2AE75 /* UITests */ = {
			isa = PBXNativeTarget;
			buildConfigurationList = 1751ABCA1E4D3E4B00E2AE75 /* Build configuration list for PBXNativeTarget "UITests" */;
			buildPhases = (
				10612CB33BFCFAF882CD377A /* [CP] Check Pods Manifest.lock */,
				1751ABBF1E4D3E4B00E2AE75 /* Sources */,
				1751ABC01E4D3E4B00E2AE75 /* Frameworks */,
				1751ABC11E4D3E4B00E2AE75 /* Resources */,
				A469BDF3BACF496983D87036 /* [CP] Embed Pods Frameworks */,
				478714E741A95CF428633D2A /* [CP] Copy Pods Resources */,
			);
			buildRules = (
			);
			dependencies = (
				1751ABC91E4D3E4B00E2AE75 /* PBXTargetDependency */,
			);
			name = UITests;
			productName = UITests;
			productReference = 1751ABC31E4D3E4B00E2AE75 /* UITests.xctest */;
			productType = "com.apple.product-type.bundle.unit-test";
		};
/* End PBXNativeTarget section */

/* Begin PBXProject section */
		1751AB941E4D33AB00E2AE75 /* Project object */ = {
			isa = PBXProject;
			attributes = {
				LastSwiftUpdateCheck = 0810;
				LastUpgradeCheck = 0810;
				ORGANIZATIONNAME = TeamMDC;
				TargetAttributes = {
					1751AB9B1E4D33AB00E2AE75 = {
						CreatedOnToolsVersion = 8.1;
						DevelopmentTeam = Y3XW7PXBLT;
						ProvisioningStyle = Manual;
					};
					1751ABB41E4D3D9F00E2AE75 = {
						CreatedOnToolsVersion = 8.1;
						ProvisioningStyle = Automatic;
					};
					1751ABC21E4D3E4B00E2AE75 = {
						CreatedOnToolsVersion = 8.1;
						ProvisioningStyle = Automatic;
						TestTargetID = 1751AB9B1E4D33AB00E2AE75;
					};
				};
			};
			buildConfigurationList = 1751AB971E4D33AB00E2AE75 /* Build configuration list for PBXProject "TTPChallenge" */;
			compatibilityVersion = "Xcode 3.2";
			developmentRegion = English;
			hasScannedForEncodings = 0;
			knownRegions = (
				en,
				Base,
			);
			mainGroup = 1751AB931E4D33AB00E2AE75;
			productRefGroup = 1751AB9D1E4D33AB00E2AE75 /* Products */;
			projectDirPath = "";
			projectRoot = "";
			targets = (
				1751AB9B1E4D33AB00E2AE75 /* TTPChallenge */,
				1751ABB41E4D3D9F00E2AE75 /* UnitTests */,
				1751ABC21E4D3E4B00E2AE75 /* UITests */,
			);
		};
/* End PBXProject section */

/* Begin PBXResourcesBuildPhase section */
		1751AB9A1E4D33AB00E2AE75 /* Resources */ = {
			isa = PBXResourcesBuildPhase;
			buildActionMask = 2147483647;
			files = (
				17CFD0411E4F5EB40007ADEC /* Images.xcassets in Resources */,
				17BB26621E517A5F0005D787 /* MenuViewController.storyboard in Resources */,
				1751ABAA1E4D33AB00E2AE75 /* LaunchScreen.storyboard in Resources */,
				1751ABD01E4D512200E2AE75 /* GoogleService-Info.plist in Resources */,
				17CFD0501E4F73110007ADEC /* HomeScreen.storyboard in Resources */,
				1751ABA71E4D33AB00E2AE75 /* Assets.xcassets in Resources */,
				1751ABA51E4D33AB00E2AE75 /* SignInScreen.storyboard in Resources */,
			);
			runOnlyForDeploymentPostprocessing = 0;
		};
		1751ABB31E4D3D9F00E2AE75 /* Resources */ = {
			isa = PBXResourcesBuildPhase;
			buildActionMask = 2147483647;
			files = (
			);
			runOnlyForDeploymentPostprocessing = 0;
		};
		1751ABC11E4D3E4B00E2AE75 /* Resources */ = {
			isa = PBXResourcesBuildPhase;
			buildActionMask = 2147483647;
			files = (
			);
			runOnlyForDeploymentPostprocessing = 0;
		};
/* End PBXResourcesBuildPhase section */

/* Begin PBXShellScriptBuildPhase section */
		0047C2422EE5DBF99B9E29F9 /* [CP] Embed Pods Frameworks */ = {
			isa = PBXShellScriptBuildPhase;
			buildActionMask = 2147483647;
			files = (
			);
			inputPaths = (
			);
			name = "[CP] Embed Pods Frameworks";
			outputPaths = (
			);
			runOnlyForDeploymentPostprocessing = 0;
			shellPath = /bin/sh;
			shellScript = "\"${SRCROOT}/Pods/Target Support Files/Pods-TTPChallenge/Pods-TTPChallenge-frameworks.sh\"\n";
			showEnvVarsInLog = 0;
		};
		10612CB33BFCFAF882CD377A /* [CP] Check Pods Manifest.lock */ = {
			isa = PBXShellScriptBuildPhase;
			buildActionMask = 2147483647;
			files = (
			);
			inputPaths = (
			);
			name = "[CP] Check Pods Manifest.lock";
			outputPaths = (
			);
			runOnlyForDeploymentPostprocessing = 0;
			shellPath = /bin/sh;
			shellScript = "diff \"${PODS_ROOT}/../Podfile.lock\" \"${PODS_ROOT}/Manifest.lock\" > /dev/null\nif [ $? != 0 ] ; then\n    # print error to STDERR\n    echo \"error: The sandbox is not in sync with the Podfile.lock. Run 'pod install' or update your CocoaPods installation.\" >&2\n    exit 1\nfi\n";
			showEnvVarsInLog = 0;
		};
		442CCDE8B76C4ABBCBFC26B1 /* [CP] Copy Pods Resources */ = {
			isa = PBXShellScriptBuildPhase;
			buildActionMask = 2147483647;
			files = (
			);
			inputPaths = (
			);
			name = "[CP] Copy Pods Resources";
			outputPaths = (
			);
			runOnlyForDeploymentPostprocessing = 0;
			shellPath = /bin/sh;
			shellScript = "\"${SRCROOT}/Pods/Target Support Files/Pods-UnitTests/Pods-UnitTests-resources.sh\"\n";
			showEnvVarsInLog = 0;
		};
		478714E741A95CF428633D2A /* [CP] Copy Pods Resources */ = {
			isa = PBXShellScriptBuildPhase;
			buildActionMask = 2147483647;
			files = (
			);
			inputPaths = (
			);
			name = "[CP] Copy Pods Resources";
			outputPaths = (
			);
			runOnlyForDeploymentPostprocessing = 0;
			shellPath = /bin/sh;
			shellScript = "\"${SRCROOT}/Pods/Target Support Files/Pods-UITests/Pods-UITests-resources.sh\"\n";
			showEnvVarsInLog = 0;
		};
		57AF0F4909FB7500F5C26BC9 /* [CP] Copy Pods Resources */ = {
			isa = PBXShellScriptBuildPhase;
			buildActionMask = 2147483647;
			files = (
			);
			inputPaths = (
			);
			name = "[CP] Copy Pods Resources";
			outputPaths = (
			);
			runOnlyForDeploymentPostprocessing = 0;
			shellPath = /bin/sh;
			shellScript = "\"${SRCROOT}/Pods/Target Support Files/Pods-TTPChallenge/Pods-TTPChallenge-resources.sh\"\n";
			showEnvVarsInLog = 0;
		};
		679720D6A6B52C6B5FB9778E /* [CP] Check Pods Manifest.lock */ = {
			isa = PBXShellScriptBuildPhase;
			buildActionMask = 2147483647;
			files = (
			);
			inputPaths = (
			);
			name = "[CP] Check Pods Manifest.lock";
			outputPaths = (
			);
			runOnlyForDeploymentPostprocessing = 0;
			shellPath = /bin/sh;
			shellScript = "diff \"${PODS_ROOT}/../Podfile.lock\" \"${PODS_ROOT}/Manifest.lock\" > /dev/null\nif [ $? != 0 ] ; then\n    # print error to STDERR\n    echo \"error: The sandbox is not in sync with the Podfile.lock. Run 'pod install' or update your CocoaPods installation.\" >&2\n    exit 1\nfi\n";
			showEnvVarsInLog = 0;
		};
		A2D29E7EA5567703D41FA9EB /* [CP] Check Pods Manifest.lock */ = {
			isa = PBXShellScriptBuildPhase;
			buildActionMask = 2147483647;
			files = (
			);
			inputPaths = (
			);
			name = "[CP] Check Pods Manifest.lock";
			outputPaths = (
			);
			runOnlyForDeploymentPostprocessing = 0;
			shellPath = /bin/sh;
			shellScript = "diff \"${PODS_ROOT}/../Podfile.lock\" \"${PODS_ROOT}/Manifest.lock\" > /dev/null\nif [ $? != 0 ] ; then\n    # print error to STDERR\n    echo \"error: The sandbox is not in sync with the Podfile.lock. Run 'pod install' or update your CocoaPods installation.\" >&2\n    exit 1\nfi\n";
			showEnvVarsInLog = 0;
		};
		A469BDF3BACF496983D87036 /* [CP] Embed Pods Frameworks */ = {
			isa = PBXShellScriptBuildPhase;
			buildActionMask = 2147483647;
			files = (
			);
			inputPaths = (
			);
			name = "[CP] Embed Pods Frameworks";
			outputPaths = (
			);
			runOnlyForDeploymentPostprocessing = 0;
			shellPath = /bin/sh;
			shellScript = "\"${SRCROOT}/Pods/Target Support Files/Pods-UITests/Pods-UITests-frameworks.sh\"\n";
			showEnvVarsInLog = 0;
		};
		E18BDCC50378A4EF0CAD1D3E /* [CP] Embed Pods Frameworks */ = {
			isa = PBXShellScriptBuildPhase;
			buildActionMask = 2147483647;
			files = (
			);
			inputPaths = (
			);
			name = "[CP] Embed Pods Frameworks";
			outputPaths = (
			);
			runOnlyForDeploymentPostprocessing = 0;
			shellPath = /bin/sh;
			shellScript = "\"${SRCROOT}/Pods/Target Support Files/Pods-UnitTests/Pods-UnitTests-frameworks.sh\"\n";
			showEnvVarsInLog = 0;
		};
/* End PBXShellScriptBuildPhase section */

/* Begin PBXSourcesBuildPhase section */
		1751AB981E4D33AB00E2AE75 /* Sources */ = {
			isa = PBXSourcesBuildPhase;
			buildActionMask = 2147483647;
			files = (
				17BB26581E51723E0005D787 /* DismissMenuAnimator.swift in Sources */,
				174979AA1E5102E700B901DC /* CreateUserInteracting.swift in Sources */,
				17CFD0681E5015F90007ADEC /* CridentialsValidationInteractor.swift in Sources */,
				1749799A1E50DD0300B901DC /* CreateUserScreenPresenter.swift in Sources */,
				17BB26601E51795A0005D787 /* MenuViewable.swift in Sources */,
				17CFD0641E4F86270007ADEC /* FirebaseAuth.swift in Sources */,
				17CFD06C1E50216D0007ADEC /* SignInInteracting.swift in Sources */,
				17BB265E1E5176A30005D787 /* AuthInteracting.swift in Sources */,
				17CFD04E1E4F6FA10007ADEC /* SignInScreenViewable.swift in Sources */,
				1749799E1E50DD2800B901DC /* CreateUserScreenViewable.swift in Sources */,
				17CFD05B1E4F7B9F0007ADEC /* FirebaseInteracting.swift in Sources */,
				17BB263F1E5128740005D787 /* FirstResponderView.swift in Sources */,
				17CFD0661E5015ED0007ADEC /* CridentialsValidationInteracting.swift in Sources */,
				174979A21E50ED1D00B901DC /* BaseNavigationController.swift in Sources */,
				17CFD0751E50C2E60007ADEC /* BaseInjector.swift in Sources */,
				17BB26471E516E520005D787 /* HomeScreenViewable.swift in Sources */,
				17BB26431E516E3C0005D787 /* HomeScreenPresenter.swift in Sources */,
				17BB26521E5171A20005D787 /* MenuTableViewCell.swift in Sources */,
				17CFD04C1E4F6F990007ADEC /* SignInScreenPresenting.swift in Sources */,
				17BB265A1E5175FE0005D787 /* MoreInformationButtonType.swift in Sources */,
				17BB26411E516E340005D787 /* HomeScreenViewController.swift in Sources */,
				1749799C1E50DD1300B901DC /* CreateUserScreenPresenting.swift in Sources */,
				17BB26501E516EAD0005D787 /* MenuPresenting.swift in Sources */,
				174979A81E5102DB00B901DC /* CreateUserInteractor.swift in Sources */,
				17BB264C1E516E930005D787 /* MenuHelper.swift in Sources */,
				174979A01E50E69B00B901DC /* BaseTableViewController.swift in Sources */,
				17BB265C1E51769A0005D787 /* AuthInteractor.swift in Sources */,
				17CFD0701E50BA0F0007ADEC /* BaseViewController.swift in Sources */,
				17BB26451E516E460005D787 /* HomeScreenPresenting.swift in Sources */,
				17CFD0601E4F7CE40007ADEC /* AlertView.swift in Sources */,
				17CFD04A1E4F6F900007ADEC /* SignInScreenPresenter.swift in Sources */,
				17BB26561E5172020005D787 /* SlideMenuInteractiveTransition.swift in Sources */,
				17BB26541E5171BD0005D787 /* MenuViewController.swift in Sources */,
				17CFD06A1E50215C0007ADEC /* SignInInteractor.swift in Sources */,
				17BB264E1E516EA20005D787 /* MenuPresenter.swift in Sources */,
				1751ABA21E4D33AB00E2AE75 /* SignInScreenViewController.swift in Sources */,
				17CFD05E1E4F7C630007ADEC /* AlertViewable.swift in Sources */,
				1751ABCE1E4D469D00E2AE75 /* Environment.swift in Sources */,
				174979981E50DCE400B901DC /* CreateUserScreenTableViewController.swift in Sources */,
				17CFD0531E4F76D40007ADEC /* Injector.swift in Sources */,
				17BB264A1E516E7F0005D787 /* MenuDelegate.swift in Sources */,
				1751ABA01E4D33AB00E2AE75 /* AppDelegate.swift in Sources */,
				17CFD0551E4F7B4D0007ADEC /* FirebaseInteractor.swift in Sources */,
			);
			runOnlyForDeploymentPostprocessing = 0;
		};
		1751ABB11E4D3D9F00E2AE75 /* Sources */ = {
			isa = PBXSourcesBuildPhase;
			buildActionMask = 2147483647;
			files = (
				1751ABB81E4D3D9F00E2AE75 /* LoginScreenPresenterTests.swift in Sources */,
			);
			runOnlyForDeploymentPostprocessing = 0;
		};
		1751ABBF1E4D3E4B00E2AE75 /* Sources */ = {
			isa = PBXSourcesBuildPhase;
			buildActionMask = 2147483647;
			files = (
				1751ABC61E4D3E4B00E2AE75 /* UITests.swift in Sources */,
			);
			runOnlyForDeploymentPostprocessing = 0;
		};
/* End PBXSourcesBuildPhase section */

/* Begin PBXTargetDependency section */
		1751ABBB1E4D3D9F00E2AE75 /* PBXTargetDependency */ = {
			isa = PBXTargetDependency;
			target = 1751AB9B1E4D33AB00E2AE75 /* TTPChallenge */;
			targetProxy = 1751ABBA1E4D3D9F00E2AE75 /* PBXContainerItemProxy */;
		};
		1751ABC91E4D3E4B00E2AE75 /* PBXTargetDependency */ = {
			isa = PBXTargetDependency;
			target = 1751AB9B1E4D33AB00E2AE75 /* TTPChallenge */;
			targetProxy = 1751ABC81E4D3E4B00E2AE75 /* PBXContainerItemProxy */;
		};
/* End PBXTargetDependency section */

/* Begin PBXVariantGroup section */
		1751ABA31E4D33AB00E2AE75 /* SignInScreen.storyboard */ = {
			isa = PBXVariantGroup;
			children = (
				1751ABA41E4D33AB00E2AE75 /* Base */,
			);
			name = SignInScreen.storyboard;
			sourceTree = "<group>";
		};
		1751ABA81E4D33AB00E2AE75 /* LaunchScreen.storyboard */ = {
			isa = PBXVariantGroup;
			children = (
				1751ABA91E4D33AB00E2AE75 /* Base */,
			);
			name = LaunchScreen.storyboard;
			sourceTree = "<group>";
		};
/* End PBXVariantGroup section */

/* Begin XCBuildConfiguration section */
		1751ABAC1E4D33AB00E2AE75 /* Debug */ = {
			isa = XCBuildConfiguration;
			buildSettings = {
				ALWAYS_SEARCH_USER_PATHS = NO;
				CLANG_ANALYZER_NONNULL = YES;
				CLANG_CXX_LANGUAGE_STANDARD = "gnu++0x";
				CLANG_CXX_LIBRARY = "libc++";
				CLANG_ENABLE_MODULES = YES;
				CLANG_ENABLE_OBJC_ARC = YES;
				CLANG_WARN_BOOL_CONVERSION = YES;
				CLANG_WARN_CONSTANT_CONVERSION = YES;
				CLANG_WARN_DIRECT_OBJC_ISA_USAGE = YES_ERROR;
				CLANG_WARN_DOCUMENTATION_COMMENTS = YES;
				CLANG_WARN_EMPTY_BODY = YES;
				CLANG_WARN_ENUM_CONVERSION = YES;
				CLANG_WARN_INFINITE_RECURSION = YES;
				CLANG_WARN_INT_CONVERSION = YES;
				CLANG_WARN_OBJC_ROOT_CLASS = YES_ERROR;
				CLANG_WARN_SUSPICIOUS_MOVES = YES;
				CLANG_WARN_UNREACHABLE_CODE = YES;
				CLANG_WARN__DUPLICATE_METHOD_MATCH = YES;
				"CODE_SIGN_IDENTITY[sdk=iphoneos*]" = "iPhone Developer";
				COPY_PHASE_STRIP = NO;
				DEBUG_INFORMATION_FORMAT = dwarf;
				ENABLE_STRICT_OBJC_MSGSEND = YES;
				ENABLE_TESTABILITY = YES;
				GCC_C_LANGUAGE_STANDARD = gnu99;
				GCC_DYNAMIC_NO_PIC = NO;
				GCC_NO_COMMON_BLOCKS = YES;
				GCC_OPTIMIZATION_LEVEL = 0;
				GCC_PREPROCESSOR_DEFINITIONS = (
					"DEBUG=1",
					"$(inherited)",
				);
				GCC_WARN_64_TO_32_BIT_CONVERSION = YES;
				GCC_WARN_ABOUT_RETURN_TYPE = YES_ERROR;
				GCC_WARN_UNDECLARED_SELECTOR = YES;
				GCC_WARN_UNINITIALIZED_AUTOS = YES_AGGRESSIVE;
				GCC_WARN_UNUSED_FUNCTION = YES;
				GCC_WARN_UNUSED_VARIABLE = YES;
				IPHONEOS_DEPLOYMENT_TARGET = 10.0;
				MTL_ENABLE_DEBUG_INFO = YES;
				ONLY_ACTIVE_ARCH = YES;
				SDKROOT = iphoneos;
				SWIFT_ACTIVE_COMPILATION_CONDITIONS = DEBUG;
				SWIFT_OPTIMIZATION_LEVEL = "-Onone";
				TARGETED_DEVICE_FAMILY = "1,2";
			};
			name = Debug;
		};
		1751ABAD1E4D33AB00E2AE75 /* Release */ = {
			isa = XCBuildConfiguration;
			buildSettings = {
				ALWAYS_SEARCH_USER_PATHS = NO;
				CLANG_ANALYZER_NONNULL = YES;
				CLANG_CXX_LANGUAGE_STANDARD = "gnu++0x";
				CLANG_CXX_LIBRARY = "libc++";
				CLANG_ENABLE_MODULES = YES;
				CLANG_ENABLE_OBJC_ARC = YES;
				CLANG_WARN_BOOL_CONVERSION = YES;
				CLANG_WARN_CONSTANT_CONVERSION = YES;
				CLANG_WARN_DIRECT_OBJC_ISA_USAGE = YES_ERROR;
				CLANG_WARN_DOCUMENTATION_COMMENTS = YES;
				CLANG_WARN_EMPTY_BODY = YES;
				CLANG_WARN_ENUM_CONVERSION = YES;
				CLANG_WARN_INFINITE_RECURSION = YES;
				CLANG_WARN_INT_CONVERSION = YES;
				CLANG_WARN_OBJC_ROOT_CLASS = YES_ERROR;
				CLANG_WARN_SUSPICIOUS_MOVES = YES;
				CLANG_WARN_UNREACHABLE_CODE = YES;
				CLANG_WARN__DUPLICATE_METHOD_MATCH = YES;
				"CODE_SIGN_IDENTITY[sdk=iphoneos*]" = "iPhone Developer";
				COPY_PHASE_STRIP = NO;
				DEBUG_INFORMATION_FORMAT = "dwarf-with-dsym";
				ENABLE_NS_ASSERTIONS = NO;
				ENABLE_STRICT_OBJC_MSGSEND = YES;
				GCC_C_LANGUAGE_STANDARD = gnu99;
				GCC_NO_COMMON_BLOCKS = YES;
				GCC_WARN_64_TO_32_BIT_CONVERSION = YES;
				GCC_WARN_ABOUT_RETURN_TYPE = YES_ERROR;
				GCC_WARN_UNDECLARED_SELECTOR = YES;
				GCC_WARN_UNINITIALIZED_AUTOS = YES_AGGRESSIVE;
				GCC_WARN_UNUSED_FUNCTION = YES;
				GCC_WARN_UNUSED_VARIABLE = YES;
				IPHONEOS_DEPLOYMENT_TARGET = 10.0;
				MTL_ENABLE_DEBUG_INFO = NO;
				SDKROOT = iphoneos;
				SWIFT_OPTIMIZATION_LEVEL = "-Owholemodule";
				TARGETED_DEVICE_FAMILY = "1,2";
				VALIDATE_PRODUCT = YES;
			};
			name = Release;
		};
		1751ABAF1E4D33AB00E2AE75 /* Debug */ = {
			isa = XCBuildConfiguration;
			baseConfigurationReference = BBE3DA305B2BD4B2954AA8B8 /* Pods-TTPChallenge.debug.xcconfig */;
			buildSettings = {
				ASSETCATALOG_COMPILER_APPICON_NAME = AppIcon;
				"CODE_SIGN_IDENTITY[sdk=iphoneos*]" = "iPhone Distribution";
				DEVELOPMENT_TEAM = Y3XW7PXBLT;
				INFOPLIST_FILE = TTPChallenge/Info.plist;
				LD_RUNPATH_SEARCH_PATHS = "$(inherited) @executable_path/Frameworks";
				PRODUCT_BUNDLE_IDENTIFIER = com.TeamMDC.TTPChallenge;
				PRODUCT_NAME = "$(TARGET_NAME)";
				PROVISIONING_PROFILE = "95971c96-bd19-4c92-a850-8edff596b820";
				PROVISIONING_PROFILE_SPECIFIER = "XC Ad Hoc: *";
				SWIFT_OBJC_BRIDGING_HEADER = "TTPChallenge-Bridging-Header.h";
				SWIFT_VERSION = 3.0;
			};
			name = Debug;
		};
		1751ABB01E4D33AB00E2AE75 /* Release */ = {
			isa = XCBuildConfiguration;
			baseConfigurationReference = D793E59F206E6A5C6A728C9E /* Pods-TTPChallenge.release.xcconfig */;
			buildSettings = {
				ASSETCATALOG_COMPILER_APPICON_NAME = AppIcon;
				"CODE_SIGN_IDENTITY[sdk=iphoneos*]" = "iPhone Distribution";
				DEVELOPMENT_TEAM = Y3XW7PXBLT;
				INFOPLIST_FILE = TTPChallenge/Info.plist;
				LD_RUNPATH_SEARCH_PATHS = "$(inherited) @executable_path/Frameworks";
				PRODUCT_BUNDLE_IDENTIFIER = com.TeamMDC.TTPChallenge;
				PRODUCT_NAME = "$(TARGET_NAME)";
				PROVISIONING_PROFILE = "95971c96-bd19-4c92-a850-8edff596b820";
				PROVISIONING_PROFILE_SPECIFIER = "XC Ad Hoc: *";
				SWIFT_OBJC_BRIDGING_HEADER = "TTPChallenge-Bridging-Header.h";
				SWIFT_VERSION = 3.0;
			};
			name = Release;
		};
		1751ABBC1E4D3D9F00E2AE75 /* Debug */ = {
			isa = XCBuildConfiguration;
			baseConfigurationReference = 00B7C55616ACC4B1CE50045B /* Pods-UnitTests.debug.xcconfig */;
			buildSettings = {
				INFOPLIST_FILE = UnitTests/Info.plist;
				LD_RUNPATH_SEARCH_PATHS = "$(inherited) @executable_path/Frameworks @loader_path/Frameworks";
				PRODUCT_BUNDLE_IDENTIFIER = comTeamMDC.UnitTests;
				PRODUCT_NAME = "$(TARGET_NAME)";
				SWIFT_VERSION = 3.0;
			};
			name = Debug;
		};
		1751ABBD1E4D3D9F00E2AE75 /* Release */ = {
			isa = XCBuildConfiguration;
			baseConfigurationReference = 31D809B8C9CFEADB0D6C0EC8 /* Pods-UnitTests.release.xcconfig */;
			buildSettings = {
				INFOPLIST_FILE = UnitTests/Info.plist;
				LD_RUNPATH_SEARCH_PATHS = "$(inherited) @executable_path/Frameworks @loader_path/Frameworks";
				PRODUCT_BUNDLE_IDENTIFIER = comTeamMDC.UnitTests;
				PRODUCT_NAME = "$(TARGET_NAME)";
				SWIFT_VERSION = 3.0;
			};
			name = Release;
		};
		1751ABCB1E4D3E4B00E2AE75 /* Debug */ = {
			isa = XCBuildConfiguration;
			baseConfigurationReference = AACF7CC6C0A12E53D1CD653B /* Pods-UITests.debug.xcconfig */;
			buildSettings = {
				BUNDLE_LOADER = "$(TEST_HOST)";
				INFOPLIST_FILE = UITests/Info.plist;
				LD_RUNPATH_SEARCH_PATHS = "$(inherited) @executable_path/Frameworks @loader_path/Frameworks";
				PRODUCT_BUNDLE_IDENTIFIER = comTeamMDC.UITests;
				PRODUCT_NAME = "$(TARGET_NAME)";
				SWIFT_VERSION = 3.0;
				TEST_HOST = "$(BUILT_PRODUCTS_DIR)/TTPChallenge.app/TTPChallenge";
			};
			name = Debug;
		};
		1751ABCC1E4D3E4B00E2AE75 /* Release */ = {
			isa = XCBuildConfiguration;
			baseConfigurationReference = 3A1B182A2191A30E3EA7F217 /* Pods-UITests.release.xcconfig */;
			buildSettings = {
				BUNDLE_LOADER = "$(TEST_HOST)";
				INFOPLIST_FILE = UITests/Info.plist;
				LD_RUNPATH_SEARCH_PATHS = "$(inherited) @executable_path/Frameworks @loader_path/Frameworks";
				PRODUCT_BUNDLE_IDENTIFIER = comTeamMDC.UITests;
				PRODUCT_NAME = "$(TARGET_NAME)";
				SWIFT_VERSION = 3.0;
				TEST_HOST = "$(BUILT_PRODUCTS_DIR)/TTPChallenge.app/TTPChallenge";
			};
			name = Release;
		};
/* End XCBuildConfiguration section */

/* Begin XCConfigurationList section */
		1751AB971E4D33AB00E2AE75 /* Build configuration list for PBXProject "TTPChallenge" */ = {
			isa = XCConfigurationList;
			buildConfigurations = (
				1751ABAC1E4D33AB00E2AE75 /* Debug */,
				1751ABAD1E4D33AB00E2AE75 /* Release */,
			);
			defaultConfigurationIsVisible = 0;
			defaultConfigurationName = Release;
		};
		1751ABAE1E4D33AB00E2AE75 /* Build configuration list for PBXNativeTarget "TTPChallenge" */ = {
			isa = XCConfigurationList;
			buildConfigurations = (
				1751ABAF1E4D33AB00E2AE75 /* Debug */,
				1751ABB01E4D33AB00E2AE75 /* Release */,
			);
			defaultConfigurationIsVisible = 0;
			defaultConfigurationName = Release;
		};
		1751ABBE1E4D3D9F00E2AE75 /* Build configuration list for PBXNativeTarget "UnitTests" */ = {
			isa = XCConfigurationList;
			buildConfigurations = (
				1751ABBC1E4D3D9F00E2AE75 /* Debug */,
				1751ABBD1E4D3D9F00E2AE75 /* Release */,
			);
			defaultConfigurationIsVisible = 0;
			defaultConfigurationName = Release;
		};
		1751ABCA1E4D3E4B00E2AE75 /* Build configuration list for PBXNativeTarget "UITests" */ = {
			isa = XCConfigurationList;
			buildConfigurations = (
				1751ABCB1E4D3E4B00E2AE75 /* Debug */,
				1751ABCC1E4D3E4B00E2AE75 /* Release */,
			);
			defaultConfigurationIsVisible = 0;
			defaultConfigurationName = Release;
		};
/* End XCConfigurationList section */
	};
	rootObject = 1751AB941E4D33AB00E2AE75 /* Project object */;
}
